
Microsoft Visual Studio Solution File, Format Version 12.00
# Visual Studio Version 17
VisualStudioVersion = 17.0.31912.275
MinimumVisualStudioVersion = 10.0.40219.1
Project("{FAE04EC0-301F-11D3-BF4B-00C04F79EFBC}") = "MinimalApp", "MinimalApp\MinimalApp.csproj", "{6FADB894-DB90-4545-A1E7-99AFA8410F82}"
EndProject
Global
	GlobalSection(SolutionConfigurationPlatforms) = preSolution
		Debug|Any CPU = Debug|Any CPU
		Release|Any CPU = Release|Any CPU
	EndGlobalSection
	GlobalSection(ProjectConfigurationPlatforms) = postSolution
		{6FADB894-DB90-4545-A1E7-99AFA8410F82}.Debug|Any CPU.ActiveCfg = Debug|Any CPU
		{6FADB894-DB90-4545-A1E7-99AFA8410F82}.Debug|Any CPU.Build.0 = Debug|Any CPU
		{6FADB894-DB90-4545-A1E7-99AFA8410F82}.Release|Any CPU.ActiveCfg = Release|Any CPU
		{6FADB894-DB90-4545-A1E7-99AFA8410F82}.Release|Any CPU.Build.0 = Release|Any CPU
	EndGlobalSection
	GlobalSection(SolutionProperties) = preSolution
		HideSolutionNode = FALSE
	EndGlobalSection
	GlobalSection(ExtensibilityGlobals) = postSolution
		SolutionGuid = {73E79C14-02E4-4B8F-9ED7-0AA1B0CDB5EA}
	EndGlobalSection
EndGlobal
